
Microsoft Visual Studio Solution File, Format Version 12.00
# Visual Studio 15
VisualStudioVersion = 15.0.26020.0
MinimumVisualStudioVersion = 10.0.40219.1
Project("{FAE04EC0-301F-11D3-BF4B-00C04F79EFBC}") = "BlueGreen", "BlueGreen\BlueGreen.csproj", "{83DBD7F0-7609-4F5F-B029-94838919831F}"
EndProject
Project("{151D2E53-A2C4-4D7D-83FE-D05416EBD58E}") = "Deployment", "Deployment\Deployment.deployproj", "{EE500888-2CDD-432F-B3D2-EE4820C4334E}"
EndProject
Global
	GlobalSection(SolutionConfigurationPlatforms) = preSolution
		Debug|Any CPU = Debug|Any CPU
		Release|Any CPU = Release|Any CPU
	EndGlobalSection
	GlobalSection(ProjectConfigurationPlatforms) = postSolution
		{83DBD7F0-7609-4F5F-B029-94838919831F}.Debug|Any CPU.ActiveCfg = Debug|Any CPU
		{83DBD7F0-7609-4F5F-B029-94838919831F}.Debug|Any CPU.Build.0 = Debug|Any CPU
		{83DBD7F0-7609-4F5F-B029-94838919831F}.Release|Any CPU.ActiveCfg = Release|Any CPU
		{83DBD7F0-7609-4F5F-B029-94838919831F}.Release|Any CPU.Build.0 = Release|Any CPU
		{EE500888-2CDD-432F-B3D2-EE4820C4334E}.Debug|Any CPU.ActiveCfg = Debug|Any CPU
		{EE500888-2CDD-432F-B3D2-EE4820C4334E}.Debug|Any CPU.Build.0 = Debug|Any CPU
		{EE500888-2CDD-432F-B3D2-EE4820C4334E}.Release|Any CPU.ActiveCfg = Release|Any CPU
		{EE500888-2CDD-432F-B3D2-EE4820C4334E}.Release|Any CPU.Build.0 = Release|Any CPU
	EndGlobalSection
	GlobalSection(SolutionProperties) = preSolution
		HideSolutionNode = FALSE
	EndGlobalSection
EndGlobal
